
Microsoft Visual Studio Solution File, Format Version 12.00
# Visual Studio 15
Project("{FAE04EC0-301F-11D3-BF4B-00C04F79EFBC}") = "DemoCommentary.Android", "DemoCommentary.Android\DemoCommentary.Android.csproj", "{5AECC225-D5A3-4DA8-AFC8-F7EDEF80D7D0}"
EndProject
Project("{FAE04EC0-301F-11D3-BF4B-00C04F79EFBC}") = "DemoCommentary.iOS", "DemoCommentary.iOS\DemoCommentary.iOS.csproj", "{4CE0937C-0699-4AC9-979E-E5917E9DA660}"
EndProject
Project("{FAE04EC0-301F-11D3-BF4B-00C04F79EFBC}") = "DemoCommentary", "DemoCommentary\DemoCommentary.csproj", "{1DE1F24D-E5ED-4857-95CB-6E7E1F7E21A3}"
EndProject
Global
	GlobalSection(SolutionConfigurationPlatforms) = preSolution
		Debug|Any CPU = Debug|Any CPU
		Release|Any CPU = Release|Any CPU
		Debug|iPhoneSimulator = Debug|iPhoneSimulator
		Release|iPhoneSimulator = Release|iPhoneSimulator
		Debug|iPhone = Debug|iPhone
		Release|iPhone = Release|iPhone
	EndGlobalSection
	GlobalSection(ProjectConfigurationPlatforms) = postSolution
		{5AECC225-D5A3-4DA8-AFC8-F7EDEF80D7D0}.Debug|Any CPU.ActiveCfg = Debug|Any CPU
		{5AECC225-D5A3-4DA8-AFC8-F7EDEF80D7D0}.Debug|Any CPU.Build.0 = Debug|Any CPU
		{5AECC225-D5A3-4DA8-AFC8-F7EDEF80D7D0}.Release|Any CPU.ActiveCfg = Release|Any CPU
		{5AECC225-D5A3-4DA8-AFC8-F7EDEF80D7D0}.Release|Any CPU.Build.0 = Release|Any CPU
		{5AECC225-D5A3-4DA8-AFC8-F7EDEF80D7D0}.Debug|iPhoneSimulator.ActiveCfg = Debug|Any CPU
		{5AECC225-D5A3-4DA8-AFC8-F7EDEF80D7D0}.Debug|iPhoneSimulator.Build.0 = Debug|Any CPU
		{5AECC225-D5A3-4DA8-AFC8-F7EDEF80D7D0}.Release|iPhoneSimulator.ActiveCfg = Release|Any CPU
		{5AECC225-D5A3-4DA8-AFC8-F7EDEF80D7D0}.Release|iPhoneSimulator.Build.0 = Release|Any CPU
		{5AECC225-D5A3-4DA8-AFC8-F7EDEF80D7D0}.Debug|iPhone.ActiveCfg = Debug|Any CPU
		{5AECC225-D5A3-4DA8-AFC8-F7EDEF80D7D0}.Debug|iPhone.Build.0 = Debug|Any CPU
		{5AECC225-D5A3-4DA8-AFC8-F7EDEF80D7D0}.Release|iPhone.ActiveCfg = Release|Any CPU
		{5AECC225-D5A3-4DA8-AFC8-F7EDEF80D7D0}.Release|iPhone.Build.0 = Release|Any CPU
		{4CE0937C-0699-4AC9-979E-E5917E9DA660}.Debug|Any CPU.ActiveCfg = Debug|iPhoneSimulator
		{4CE0937C-0699-4AC9-979E-E5917E9DA660}.Debug|Any CPU.Build.0 = Debug|iPhoneSimulator
		{4CE0937C-0699-4AC9-979E-E5917E9DA660}.Release|Any CPU.ActiveCfg = Release|iPhoneSimulator
		{4CE0937C-0699-4AC9-979E-E5917E9DA660}.Release|Any CPU.Build.0 = Release|iPhoneSimulator
		{4CE0937C-0699-4AC9-979E-E5917E9DA660}.Debug|iPhoneSimulator.ActiveCfg = Debug|iPhoneSimulator
		{4CE0937C-0699-4AC9-979E-E5917E9DA660}.Debug|iPhoneSimulator.Build.0 = Debug|iPhoneSimulator
		{4CE0937C-0699-4AC9-979E-E5917E9DA660}.Release|iPhoneSimulator.ActiveCfg = Release|iPhoneSimulator
		{4CE0937C-0699-4AC9-979E-E5917E9DA660}.Release|iPhoneSimulator.Build.0 = Release|iPhoneSimulator
		{4CE0937C-0699-4AC9-979E-E5917E9DA660}.Debug|iPhone.ActiveCfg = Debug|iPhone
		{4CE0937C-0699-4AC9-979E-E5917E9DA660}.Debug|iPhone.Build.0 = Debug|iPhone
		{4CE0937C-0699-4AC9-979E-E5917E9DA660}.Release|iPhone.ActiveCfg = Release|iPhone
		{4CE0937C-0699-4AC9-979E-E5917E9DA660}.Release|iPhone.Build.0 = Release|iPhone
		{1DE1F24D-E5ED-4857-95CB-6E7E1F7E21A3}.Debug|Any CPU.ActiveCfg = Debug|Any CPU
		{1DE1F24D-E5ED-4857-95CB-6E7E1F7E21A3}.Debug|Any CPU.Build.0 = Debug|Any CPU
		{1DE1F24D-E5ED-4857-95CB-6E7E1F7E21A3}.Release|Any CPU.ActiveCfg = Release|Any CPU
		{1DE1F24D-E5ED-4857-95CB-6E7E1F7E21A3}.Release|Any CPU.Build.0 = Release|Any CPU
		{1DE1F24D-E5ED-4857-95CB-6E7E1F7E21A3}.Debug|iPhoneSimulator.ActiveCfg = Debug|Any CPU
		{1DE1F24D-E5ED-4857-95CB-6E7E1F7E21A3}.Debug|iPhoneSimulator.Build.0 = Debug|Any CPU
		{1DE1F24D-E5ED-4857-95CB-6E7E1F7E21A3}.Release|iPhoneSimulator.ActiveCfg = Release|Any CPU
		{1DE1F24D-E5ED-4857-95CB-6E7E1F7E21A3}.Release|iPhoneSimulator.Build.0 = Release|Any CPU
		{1DE1F24D-E5ED-4857-95CB-6E7E1F7E21A3}.Debug|iPhone.ActiveCfg = Debug|Any CPU
		{1DE1F24D-E5ED-4857-95CB-6E7E1F7E21A3}.Debug|iPhone.Build.0 = Debug|Any CPU
		{1DE1F24D-E5ED-4857-95CB-6E7E1F7E21A3}.Release|iPhone.ActiveCfg = Release|Any CPU
		{1DE1F24D-E5ED-4857-95CB-6E7E1F7E21A3}.Release|iPhone.Build.0 = Release|Any CPU
	EndGlobalSection
EndGlobal
